
Microsoft Visual Studio Solution File, Format Version 12.00
# Visual Studio Version 16
VisualStudioVersion = 25.0.1706.6
MinimumVisualStudioVersion = 10.0.40219.1
Project("{FAE04EC0-301F-11D3-BF4B-00C04F79EFBC}") = "JournalApp", "JournalApp\JournalApp.csproj", "{1EB07D8A-B3AD-471B-84F4-4A701EA7FB78}"
EndProject
Global
	GlobalSection(SolutionConfigurationPlatforms) = preSolution
		Debug|Any CPU = Debug|Any CPU
		Release|Any CPU = Release|Any CPU
	EndGlobalSection
	GlobalSection(ProjectConfigurationPlatforms) = postSolution
		{1EB07D8A-B3AD-471B-84F4-4A701EA7FB78}.Debug|Any CPU.ActiveCfg = Debug|Any CPU
		{1EB07D8A-B3AD-471B-84F4-4A701EA7FB78}.Debug|Any CPU.Build.0 = Debug|Any CPU
		{1EB07D8A-B3AD-471B-84F4-4A701EA7FB78}.Release|Any CPU.ActiveCfg = Release|Any CPU
		{1EB07D8A-B3AD-471B-84F4-4A701EA7FB78}.Release|Any CPU.Build.0 = Release|Any CPU
	EndGlobalSection
	GlobalSection(SolutionProperties) = preSolution
		HideSolutionNode = FALSE
	EndGlobalSection
	GlobalSection(ExtensibilityGlobals) = postSolution
		SolutionGuid = {845983A3-2205-4126-B51F-6B3D08081260}
	EndGlobalSection
EndGlobal
